
Microsoft Visual Studio Solution File, Format Version 12.00
Project("{2150E333-8FDC-42A3-9474-1A3956D46DE8}") = "src", "src", "{CC37BA52-7578-490B-94DA-79A705D9B223}"
EndProject
Project("{FAE04EC0-301F-11D3-BF4B-00C04F79EFBC}") = "Xkcd.Job", "src\Xkcd.Job\Xkcd.Job.csproj", "{6F068FF8-060E-4ED2-904C-A3B3AAAD99B3}"
EndProject
Project("{FAE04EC0-301F-11D3-BF4B-00C04F79EFBC}") = "Bot.Gateway", "src\Bot.Gateway\Bot.Gateway.csproj", "{ABBF52EF-E4E2-4662-A915-6348F5DDC083}"
EndProject
Project("{FAE04EC0-301F-11D3-BF4B-00C04F79EFBC}") = "Xkcd.Sdk", "src\Xkcd.Sdk\Xkcd.Sdk.csproj", "{2C931806-93F7-4885-90D3-868E7D7F272E}"
EndProject
Global
	GlobalSection(SolutionConfigurationPlatforms) = preSolution
		Debug|Any CPU = Debug|Any CPU
		Release|Any CPU = Release|Any CPU
	EndGlobalSection
	GlobalSection(ProjectConfigurationPlatforms) = postSolution
		{6F068FF8-060E-4ED2-904C-A3B3AAAD99B3}.Debug|Any CPU.ActiveCfg = Debug|Any CPU
		{6F068FF8-060E-4ED2-904C-A3B3AAAD99B3}.Debug|Any CPU.Build.0 = Debug|Any CPU
		{6F068FF8-060E-4ED2-904C-A3B3AAAD99B3}.Release|Any CPU.ActiveCfg = Release|Any CPU
		{6F068FF8-060E-4ED2-904C-A3B3AAAD99B3}.Release|Any CPU.Build.0 = Release|Any CPU
		{ABBF52EF-E4E2-4662-A915-6348F5DDC083}.Debug|Any CPU.ActiveCfg = Debug|Any CPU
		{ABBF52EF-E4E2-4662-A915-6348F5DDC083}.Debug|Any CPU.Build.0 = Debug|Any CPU
		{ABBF52EF-E4E2-4662-A915-6348F5DDC083}.Release|Any CPU.ActiveCfg = Release|Any CPU
		{ABBF52EF-E4E2-4662-A915-6348F5DDC083}.Release|Any CPU.Build.0 = Release|Any CPU
		{2C931806-93F7-4885-90D3-868E7D7F272E}.Debug|Any CPU.ActiveCfg = Debug|Any CPU
		{2C931806-93F7-4885-90D3-868E7D7F272E}.Debug|Any CPU.Build.0 = Debug|Any CPU
		{2C931806-93F7-4885-90D3-868E7D7F272E}.Release|Any CPU.ActiveCfg = Release|Any CPU
		{2C931806-93F7-4885-90D3-868E7D7F272E}.Release|Any CPU.Build.0 = Release|Any CPU
	EndGlobalSection
	GlobalSection(NestedProjects) = preSolution
		{8D83B134-F09B-4169-942E-1B96212EDF86} = {0EEAE36E-8CFF-4381-AEFC-E496A866DA7E}
		{7A848A99-4B63-4A9F-AE55-7B387BB0D129} = {0EEAE36E-8CFF-4381-AEFC-E496A866DA7E}
		{44650B63-904D-4F0E-B656-ECD8E6CCE723} = {7A848A99-4B63-4A9F-AE55-7B387BB0D129}
		{4DD4B50F-8949-4662-A7AB-78A1098DF057} = {7A848A99-4B63-4A9F-AE55-7B387BB0D129}
		{C88258A0-F1B0-4EDC-AB7E-221EE276EFC4} = {4DD4B50F-8949-4662-A7AB-78A1098DF057}
		{354D7CFC-0F83-4B67-86A4-A86300B08C98} = {4DD4B50F-8949-4662-A7AB-78A1098DF057}
		{25CEC587-DE50-4F28-9E0A-3C2E013DA630} = {4DD4B50F-8949-4662-A7AB-78A1098DF057}
		{52A26FF4-4F96-4D64-AB36-624F617874CE} = {4DD4B50F-8949-4662-A7AB-78A1098DF057}
		{C9A60EA2-E6D7-41F3-9A60-2E97A89302B4} = {8D83B134-F09B-4169-942E-1B96212EDF86}
		{5A2933DF-31A0-42B8-B9E9-4F4BCF584B4A} = {C9A60EA2-E6D7-41F3-9A60-2E97A89302B4}
		{DA13AF33-9A28-471E-A986-2347EF04BE57} = {C9A60EA2-E6D7-41F3-9A60-2E97A89302B4}
		{6F068FF8-060E-4ED2-904C-A3B3AAAD99B3} = {CC37BA52-7578-490B-94DA-79A705D9B223}
		{ABBF52EF-E4E2-4662-A915-6348F5DDC083} = {CC37BA52-7578-490B-94DA-79A705D9B223}
		{2C931806-93F7-4885-90D3-868E7D7F272E} = {CC37BA52-7578-490B-94DA-79A705D9B223}
	EndGlobalSection
EndGlobal
