
Microsoft Visual Studio Solution File, Format Version 12.00
Project("{FAE04EC0-301F-11D3-BF4B-00C04F79EFBC}") = "Dotbot.Infrastructure", "Dotbot.Infrastructure\Dotbot.Infrastructure.csproj", "{7CD7C3A8-AF29-4759-8574-7D05449193F8}"
EndProject
Project("{FAE04EC0-301F-11D3-BF4B-00C04F79EFBC}") = "Dotbot.Service", "Dotbot.Service\Dotbot.Service.csproj", "{8DF8D85A-5C68-481B-B7C7-C3400D199BBE}"
EndProject
Project("{FAE04EC0-301F-11D3-BF4B-00C04F79EFBC}") = "Dotbot.API", "Dotbot.API\Dotbot.API.csproj", "{426FB26D-8629-40FE-BD8A-912DC0BE0E58}"
EndProject
Project("{2150E333-8FDC-42A3-9474-1A3956D46DE8}") = "Services", "Services", "{59C9DCC3-E153-4E1C-8CB7-5171270F0027}"
EndProject
Project("{2150E333-8FDC-42A3-9474-1A3956D46DE8}") = "Dotbot", "Dotbot", "{5686386C-E8F9-4B4B-AE6B-C9180230BB70}"
EndProject
Project("{2150E333-8FDC-42A3-9474-1A3956D46DE8}") = "Discord", "Discord", "{91F1F96F-A746-4624-8811-27F84AEF0CEF}"
EndProject
Project("{FAE04EC0-301F-11D3-BF4B-00C04F79EFBC}") = "Dotbot.Discord", "Dotbot.Discord\Dotbot.Discord.csproj", "{EF74481C-28B8-4268-949C-EDC2E79C957F}"
EndProject
Global
	GlobalSection(SolutionConfigurationPlatforms) = preSolution
		Debug|Any CPU = Debug|Any CPU
		Release|Any CPU = Release|Any CPU
	EndGlobalSection
	GlobalSection(ProjectConfigurationPlatforms) = postSolution
		{7CD7C3A8-AF29-4759-8574-7D05449193F8}.Debug|Any CPU.ActiveCfg = Debug|Any CPU
		{7CD7C3A8-AF29-4759-8574-7D05449193F8}.Debug|Any CPU.Build.0 = Debug|Any CPU
		{7CD7C3A8-AF29-4759-8574-7D05449193F8}.Release|Any CPU.ActiveCfg = Release|Any CPU
		{7CD7C3A8-AF29-4759-8574-7D05449193F8}.Release|Any CPU.Build.0 = Release|Any CPU
		{8DF8D85A-5C68-481B-B7C7-C3400D199BBE}.Debug|Any CPU.ActiveCfg = Debug|Any CPU
		{8DF8D85A-5C68-481B-B7C7-C3400D199BBE}.Debug|Any CPU.Build.0 = Debug|Any CPU
		{8DF8D85A-5C68-481B-B7C7-C3400D199BBE}.Release|Any CPU.ActiveCfg = Release|Any CPU
		{8DF8D85A-5C68-481B-B7C7-C3400D199BBE}.Release|Any CPU.Build.0 = Release|Any CPU
		{426FB26D-8629-40FE-BD8A-912DC0BE0E58}.Debug|Any CPU.ActiveCfg = Debug|Any CPU
		{426FB26D-8629-40FE-BD8A-912DC0BE0E58}.Debug|Any CPU.Build.0 = Debug|Any CPU
		{426FB26D-8629-40FE-BD8A-912DC0BE0E58}.Release|Any CPU.ActiveCfg = Release|Any CPU
		{426FB26D-8629-40FE-BD8A-912DC0BE0E58}.Release|Any CPU.Build.0 = Release|Any CPU
		{EF74481C-28B8-4268-949C-EDC2E79C957F}.Debug|Any CPU.ActiveCfg = Debug|Any CPU
		{EF74481C-28B8-4268-949C-EDC2E79C957F}.Debug|Any CPU.Build.0 = Debug|Any CPU
		{EF74481C-28B8-4268-949C-EDC2E79C957F}.Release|Any CPU.ActiveCfg = Release|Any CPU
		{EF74481C-28B8-4268-949C-EDC2E79C957F}.Release|Any CPU.Build.0 = Release|Any CPU
	EndGlobalSection
	GlobalSection(NestedProjects) = preSolution
		{5686386C-E8F9-4B4B-AE6B-C9180230BB70} = {59C9DCC3-E153-4E1C-8CB7-5171270F0027}
		{91F1F96F-A746-4624-8811-27F84AEF0CEF} = {59C9DCC3-E153-4E1C-8CB7-5171270F0027}
		{7CD7C3A8-AF29-4759-8574-7D05449193F8} = {5686386C-E8F9-4B4B-AE6B-C9180230BB70}
		{8DF8D85A-5C68-481B-B7C7-C3400D199BBE} = {5686386C-E8F9-4B4B-AE6B-C9180230BB70}
		{426FB26D-8629-40FE-BD8A-912DC0BE0E58} = {5686386C-E8F9-4B4B-AE6B-C9180230BB70}
		{EF74481C-28B8-4268-949C-EDC2E79C957F} = {91F1F96F-A746-4624-8811-27F84AEF0CEF}
	EndGlobalSection
EndGlobal
