
Microsoft Visual Studio Solution File, Format Version 12.00
Project("{FAE04EC0-301F-11D3-BF4B-00C04F79EFBC}") = "Dotbot.API", "Dotbot.API\Dotbot.API.csproj", "{9DFF2272-E298-45A2-97B7-28E3C98A30BE}"
EndProject
Project("{FAE04EC0-301F-11D3-BF4B-00C04F79EFBC}") = "Discord", "Discord\Discord.csproj", "{7536E5FF-8244-453C-B8E2-393B4E62C67A}"
EndProject
Project("{2150E333-8FDC-42A3-9474-1A3956D46DE8}") = "Tests", "Tests", "{A68539FC-CA19-4DFC-8DBB-7B4E2AE1C0E2}"
EndProject
Project("{FAE04EC0-301F-11D3-BF4B-00C04F79EFBC}") = "Dotbot.Database.Tests", "Dotbot.Database.Tests\Dotbot.Database.Tests.csproj", "{3FB16F49-F058-4109-96B1-024C3E7FDA07}"
EndProject
Project("{FAE04EC0-301F-11D3-BF4B-00C04F79EFBC}") = "Dotbot.Discord.Tests", "Dotbot.Discord.Tests\Dotbot.Discord.Tests.csproj", "{785DF0C2-C38E-42A3-8FE4-F27F1434742F}"
EndProject
Project("{2150E333-8FDC-42A3-9474-1A3956D46DE8}") = "localdev", "localdev", "{3906DFEB-2274-4D68-9DBB-F9C9D1EE72C6}"
	ProjectSection(SolutionItems) = preProject
		..\localdev\docker-compose.yml = ..\localdev\docker-compose.yml
		..\localdev\Dockerfile = ..\localdev\Dockerfile
		..\localdev\mongo-setup.js = ..\localdev\mongo-setup.js
		..\localdev\.rabbitmq_env = ..\localdev\.rabbitmq_env
		..\localdev\.envrc = ..\localdev\.envrc
	EndProjectSection
EndProject
Project("{2150E333-8FDC-42A3-9474-1A3956D46DE8}") = "src", "src", "{CC37BA52-7578-490B-94DA-79A705D9B223}"
EndProject
Project("{2150E333-8FDC-42A3-9474-1A3956D46DE8}") = "Meme", "Meme", "{CBF3A0B3-0FD0-4D12-ACAE-38190C1BBCC3}"
EndProject
Project("{FAE04EC0-301F-11D3-BF4B-00C04F79EFBC}") = "Meme.API", "Meme.API\Meme.API.csproj", "{762515A3-C5FF-47E2-A62A-62C2F9FFD67E}"
EndProject
Project("{FAE04EC0-301F-11D3-BF4B-00C04F79EFBC}") = "Meme.Domain", "Meme.Domain\Meme.Domain.csproj", "{8750ED1B-C086-44A3-86FB-DF3CDEBF8E88}"
EndProject
Project("{FAE04EC0-301F-11D3-BF4B-00C04F79EFBC}") = "Meme.Infrastructure", "Meme.Infrastructure\Meme.Infrastructure.csproj", "{7A5D8C88-9936-4E63-ACA2-6CBB415FC997}"
EndProject
Project("{2150E333-8FDC-42A3-9474-1A3956D46DE8}") = "Xkcd", "Xkcd", "{54DD622D-BEF2-4B1D-BE6F-72D99979F827}"
EndProject
Project("{FAE04EC0-301F-11D3-BF4B-00C04F79EFBC}") = "Xkcd.API", "Xkcd.API\Xkcd.API.csproj", "{6F068FF8-060E-4ED2-904C-A3B3AAAD99B3}"
EndProject
Project("{2150E333-8FDC-42A3-9474-1A3956D46DE8}") = "Web", "Web", "{6A369009-7569-411F-B3AE-EDF4CA5944B9}"
EndProject
Project("{2150E333-8FDC-42A3-9474-1A3956D46DE8}") = "Services", "Services", "{21AC083F-7F4B-4F10-8788-49DCB4AF2A8A}"
EndProject
Project("{2150E333-8FDC-42A3-9474-1A3956D46DE8}") = "Dotbot", "Dotbot", "{23C26F50-20BB-408F-A20E-3261D084229D}"
EndProject
Global
	GlobalSection(SolutionConfigurationPlatforms) = preSolution
		Debug|Any CPU = Debug|Any CPU
		Release|Any CPU = Release|Any CPU
	EndGlobalSection
	GlobalSection(ProjectConfigurationPlatforms) = postSolution
		{9DFF2272-E298-45A2-97B7-28E3C98A30BE}.Debug|Any CPU.ActiveCfg = Debug|Any CPU
		{9DFF2272-E298-45A2-97B7-28E3C98A30BE}.Debug|Any CPU.Build.0 = Debug|Any CPU
		{9DFF2272-E298-45A2-97B7-28E3C98A30BE}.Release|Any CPU.ActiveCfg = Release|Any CPU
		{9DFF2272-E298-45A2-97B7-28E3C98A30BE}.Release|Any CPU.Build.0 = Release|Any CPU
		{7536E5FF-8244-453C-B8E2-393B4E62C67A}.Debug|Any CPU.ActiveCfg = Debug|Any CPU
		{7536E5FF-8244-453C-B8E2-393B4E62C67A}.Debug|Any CPU.Build.0 = Debug|Any CPU
		{7536E5FF-8244-453C-B8E2-393B4E62C67A}.Release|Any CPU.ActiveCfg = Release|Any CPU
		{7536E5FF-8244-453C-B8E2-393B4E62C67A}.Release|Any CPU.Build.0 = Release|Any CPU
		{3FB16F49-F058-4109-96B1-024C3E7FDA07}.Debug|Any CPU.ActiveCfg = Debug|Any CPU
		{3FB16F49-F058-4109-96B1-024C3E7FDA07}.Debug|Any CPU.Build.0 = Debug|Any CPU
		{3FB16F49-F058-4109-96B1-024C3E7FDA07}.Release|Any CPU.ActiveCfg = Release|Any CPU
		{3FB16F49-F058-4109-96B1-024C3E7FDA07}.Release|Any CPU.Build.0 = Release|Any CPU
		{785DF0C2-C38E-42A3-8FE4-F27F1434742F}.Debug|Any CPU.ActiveCfg = Debug|Any CPU
		{785DF0C2-C38E-42A3-8FE4-F27F1434742F}.Debug|Any CPU.Build.0 = Debug|Any CPU
		{785DF0C2-C38E-42A3-8FE4-F27F1434742F}.Release|Any CPU.ActiveCfg = Release|Any CPU
		{785DF0C2-C38E-42A3-8FE4-F27F1434742F}.Release|Any CPU.Build.0 = Release|Any CPU
		{762515A3-C5FF-47E2-A62A-62C2F9FFD67E}.Debug|Any CPU.ActiveCfg = Debug|Any CPU
		{762515A3-C5FF-47E2-A62A-62C2F9FFD67E}.Debug|Any CPU.Build.0 = Debug|Any CPU
		{762515A3-C5FF-47E2-A62A-62C2F9FFD67E}.Release|Any CPU.ActiveCfg = Release|Any CPU
		{762515A3-C5FF-47E2-A62A-62C2F9FFD67E}.Release|Any CPU.Build.0 = Release|Any CPU
		{8750ED1B-C086-44A3-86FB-DF3CDEBF8E88}.Debug|Any CPU.ActiveCfg = Debug|Any CPU
		{8750ED1B-C086-44A3-86FB-DF3CDEBF8E88}.Debug|Any CPU.Build.0 = Debug|Any CPU
		{8750ED1B-C086-44A3-86FB-DF3CDEBF8E88}.Release|Any CPU.ActiveCfg = Release|Any CPU
		{8750ED1B-C086-44A3-86FB-DF3CDEBF8E88}.Release|Any CPU.Build.0 = Release|Any CPU
		{7A5D8C88-9936-4E63-ACA2-6CBB415FC997}.Debug|Any CPU.ActiveCfg = Debug|Any CPU
		{7A5D8C88-9936-4E63-ACA2-6CBB415FC997}.Debug|Any CPU.Build.0 = Debug|Any CPU
		{7A5D8C88-9936-4E63-ACA2-6CBB415FC997}.Release|Any CPU.ActiveCfg = Release|Any CPU
		{7A5D8C88-9936-4E63-ACA2-6CBB415FC997}.Release|Any CPU.Build.0 = Release|Any CPU
		{6F068FF8-060E-4ED2-904C-A3B3AAAD99B3}.Debug|Any CPU.ActiveCfg = Debug|Any CPU
		{6F068FF8-060E-4ED2-904C-A3B3AAAD99B3}.Debug|Any CPU.Build.0 = Debug|Any CPU
		{6F068FF8-060E-4ED2-904C-A3B3AAAD99B3}.Release|Any CPU.ActiveCfg = Release|Any CPU
		{6F068FF8-060E-4ED2-904C-A3B3AAAD99B3}.Release|Any CPU.Build.0 = Release|Any CPU
	EndGlobalSection
	GlobalSection(NestedProjects) = preSolution
		{3FB16F49-F058-4109-96B1-024C3E7FDA07} = {A68539FC-CA19-4DFC-8DBB-7B4E2AE1C0E2}
		{785DF0C2-C38E-42A3-8FE4-F27F1434742F} = {A68539FC-CA19-4DFC-8DBB-7B4E2AE1C0E2}
		{762515A3-C5FF-47E2-A62A-62C2F9FFD67E} = {CBF3A0B3-0FD0-4D12-ACAE-38190C1BBCC3}
		{8750ED1B-C086-44A3-86FB-DF3CDEBF8E88} = {CBF3A0B3-0FD0-4D12-ACAE-38190C1BBCC3}
		{7A5D8C88-9936-4E63-ACA2-6CBB415FC997} = {CBF3A0B3-0FD0-4D12-ACAE-38190C1BBCC3}
		{6F068FF8-060E-4ED2-904C-A3B3AAAD99B3} = {54DD622D-BEF2-4B1D-BE6F-72D99979F827}
		{6A369009-7569-411F-B3AE-EDF4CA5944B9} = {CC37BA52-7578-490B-94DA-79A705D9B223}
		{7536E5FF-8244-453C-B8E2-393B4E62C67A} = {6A369009-7569-411F-B3AE-EDF4CA5944B9}
		{21AC083F-7F4B-4F10-8788-49DCB4AF2A8A} = {CC37BA52-7578-490B-94DA-79A705D9B223}
		{CBF3A0B3-0FD0-4D12-ACAE-38190C1BBCC3} = {21AC083F-7F4B-4F10-8788-49DCB4AF2A8A}
		{54DD622D-BEF2-4B1D-BE6F-72D99979F827} = {21AC083F-7F4B-4F10-8788-49DCB4AF2A8A}
		{23C26F50-20BB-408F-A20E-3261D084229D} = {21AC083F-7F4B-4F10-8788-49DCB4AF2A8A}
		{9DFF2272-E298-45A2-97B7-28E3C98A30BE} = {23C26F50-20BB-408F-A20E-3261D084229D}
	EndGlobalSection
EndGlobal
